
Microsoft Visual Studio Solution File, Format Version 12.00
# Visual Studio Version 16
VisualStudioVersion = 16.0.31702.278
MinimumVisualStudioVersion = 10.0.40219.1
Project("{FAE04EC0-301F-11D3-BF4B-00C04F79EFBC}") = "JardinBotanic", "JardinBotanic\JardinBotanic.csproj", "{6ACDF7CC-0B18-44FC-9076-A94669533BD0}"
EndProject
Global
	GlobalSection(SolutionConfigurationPlatforms) = preSolution
		Debug|Any CPU = Debug|Any CPU
		Release|Any CPU = Release|Any CPU
	EndGlobalSection
	GlobalSection(ProjectConfigurationPlatforms) = postSolution
		{6ACDF7CC-0B18-44FC-9076-A94669533BD0}.Debug|Any CPU.ActiveCfg = Debug|Any CPU
		{6ACDF7CC-0B18-44FC-9076-A94669533BD0}.Debug|Any CPU.Build.0 = Debug|Any CPU
		{6ACDF7CC-0B18-44FC-9076-A94669533BD0}.Release|Any CPU.ActiveCfg = Release|Any CPU
		{6ACDF7CC-0B18-44FC-9076-A94669533BD0}.Release|Any CPU.Build.0 = Release|Any CPU
	EndGlobalSection
	GlobalSection(SolutionProperties) = preSolution
		HideSolutionNode = FALSE
	EndGlobalSection
	GlobalSection(ExtensibilityGlobals) = postSolution
		SolutionGuid = {58686E47-2AD5-4712-931B-A361EF6E6063}
	EndGlobalSection
EndGlobal
